
Microsoft Visual Studio Solution File, Format Version 12.00
Project("{FAE04EC0-301F-11D3-BF4B-00C04F79EFBC}") = "ChainOfResponsibility", "ChainOfResponsibility\ChainOfResponsibility.csproj", "{9F22D1A4-041B-40B3-9852-F249A850DCB9}"
EndProject
Project("{FAE04EC0-301F-11D3-BF4B-00C04F79EFBC}") = "Mediator", "Mediator\Mediator.csproj", "{ADF4B714-D895-47CE-B530-F3F749E81968}"
EndProject
Project("{FAE04EC0-301F-11D3-BF4B-00C04F79EFBC}") = "Memento", "Memento\Memento.csproj", "{B93D1018-A56D-44C1-8EED-A6CE47F028AB}"
EndProject
Global
	GlobalSection(SolutionConfigurationPlatforms) = preSolution
		Debug|Any CPU = Debug|Any CPU
		Release|Any CPU = Release|Any CPU
	EndGlobalSection
	GlobalSection(ProjectConfigurationPlatforms) = postSolution
		{9F22D1A4-041B-40B3-9852-F249A850DCB9}.Debug|Any CPU.ActiveCfg = Debug|Any CPU
		{9F22D1A4-041B-40B3-9852-F249A850DCB9}.Debug|Any CPU.Build.0 = Debug|Any CPU
		{9F22D1A4-041B-40B3-9852-F249A850DCB9}.Release|Any CPU.ActiveCfg = Release|Any CPU
		{9F22D1A4-041B-40B3-9852-F249A850DCB9}.Release|Any CPU.Build.0 = Release|Any CPU
		{ADF4B714-D895-47CE-B530-F3F749E81968}.Debug|Any CPU.ActiveCfg = Debug|Any CPU
		{ADF4B714-D895-47CE-B530-F3F749E81968}.Debug|Any CPU.Build.0 = Debug|Any CPU
		{ADF4B714-D895-47CE-B530-F3F749E81968}.Release|Any CPU.ActiveCfg = Release|Any CPU
		{ADF4B714-D895-47CE-B530-F3F749E81968}.Release|Any CPU.Build.0 = Release|Any CPU
		{B93D1018-A56D-44C1-8EED-A6CE47F028AB}.Debug|Any CPU.ActiveCfg = Debug|Any CPU
		{B93D1018-A56D-44C1-8EED-A6CE47F028AB}.Debug|Any CPU.Build.0 = Debug|Any CPU
		{B93D1018-A56D-44C1-8EED-A6CE47F028AB}.Release|Any CPU.ActiveCfg = Release|Any CPU
		{B93D1018-A56D-44C1-8EED-A6CE47F028AB}.Release|Any CPU.Build.0 = Release|Any CPU
	EndGlobalSection
EndGlobal
